
Microsoft Visual Studio Solution File, Format Version 12.00
# Visual Studio Version 17
VisualStudioVersion = 17.0.31903.59
MinimumVisualStudioVersion = 10.0.40219.1
Project("{2150E333-8FDC-42A3-9474-1A3956D46DE8}") = "src", "src", "{EDFED3B1-0E90-47B1-9926-64E7A91047F1}"
EndProject
Project("{FAE04EC0-301F-11D3-BF4B-00C04F79EFBC}") = "WebApp", "src\WebApp\WebApp.csproj", "{C618DCDB-3E9E-4F5B-8C81-D71229D5C77D}"
EndProject
Global
	GlobalSection(SolutionConfigurationPlatforms) = preSolution
		Debug|Any CPU = Debug|Any CPU
		Release|Any CPU = Release|Any CPU
	EndGlobalSection
	GlobalSection(SolutionProperties) = preSolution
		HideSolutionNode = FALSE
	EndGlobalSection
	GlobalSection(ProjectConfigurationPlatforms) = postSolution
		{C618DCDB-3E9E-4F5B-8C81-D71229D5C77D}.Debug|Any CPU.ActiveCfg = Debug|Any CPU
		{C618DCDB-3E9E-4F5B-8C81-D71229D5C77D}.Debug|Any CPU.Build.0 = Debug|Any CPU
		{C618DCDB-3E9E-4F5B-8C81-D71229D5C77D}.Release|Any CPU.ActiveCfg = Release|Any CPU
		{C618DCDB-3E9E-4F5B-8C81-D71229D5C77D}.Release|Any CPU.Build.0 = Release|Any CPU
	EndGlobalSection
	GlobalSection(NestedProjects) = preSolution
		{C618DCDB-3E9E-4F5B-8C81-D71229D5C77D} = {EDFED3B1-0E90-47B1-9926-64E7A91047F1}
	EndGlobalSection
EndGlobal
